
Microsoft Visual Studio Solution File, Format Version 12.00
# Visual Studio 15
VisualStudioVersion = 15.0.27130.2003
MinimumVisualStudioVersion = 10.0.40219.1
Project("{FAE04EC0-301F-11D3-BF4B-00C04F79EFBC}") = "Treater2", "Treater2\Treater2.csproj", "{3F54196F-342A-4040-B0CF-6DA8ADFE7216}"
EndProject
Project("{00D1A9C2-B5F0-4AF3-8072-F6C62B433612}") = "TreaterSQL", "TreaterSQL\TreaterSQL.sqlproj", "{4700BF64-B0A9-4CA6-927F-8A9890E660DA}"
EndProject
Project("{159641D6-6404-4A2A-AE62-294DE0FE8301}") = "Integration Services Project1", "Integration Services Project1\Integration Services Project1.dtproj", "{F267A96D-0ECE-4457-B0DA-417A88606520}"
EndProject
Global
	GlobalSection(SolutionConfigurationPlatforms) = preSolution
		Debug|Any CPU = Debug|Any CPU
		Development|Any CPU = Development|Any CPU
		Release|Any CPU = Release|Any CPU
	EndGlobalSection
	GlobalSection(ProjectConfigurationPlatforms) = postSolution
		{3F54196F-342A-4040-B0CF-6DA8ADFE7216}.Debug|Any CPU.ActiveCfg = Debug|Any CPU
		{3F54196F-342A-4040-B0CF-6DA8ADFE7216}.Debug|Any CPU.Build.0 = Debug|Any CPU
		{3F54196F-342A-4040-B0CF-6DA8ADFE7216}.Development|Any CPU.ActiveCfg = Debug|Any CPU
		{3F54196F-342A-4040-B0CF-6DA8ADFE7216}.Development|Any CPU.Build.0 = Debug|Any CPU
		{3F54196F-342A-4040-B0CF-6DA8ADFE7216}.Release|Any CPU.ActiveCfg = Debug|Any CPU
		{3F54196F-342A-4040-B0CF-6DA8ADFE7216}.Release|Any CPU.Build.0 = Debug|Any CPU
		{4700BF64-B0A9-4CA6-927F-8A9890E660DA}.Debug|Any CPU.ActiveCfg = Debug|Any CPU
		{4700BF64-B0A9-4CA6-927F-8A9890E660DA}.Debug|Any CPU.Build.0 = Debug|Any CPU
		{4700BF64-B0A9-4CA6-927F-8A9890E660DA}.Debug|Any CPU.Deploy.0 = Debug|Any CPU
		{4700BF64-B0A9-4CA6-927F-8A9890E660DA}.Development|Any CPU.ActiveCfg = Debug|Any CPU
		{4700BF64-B0A9-4CA6-927F-8A9890E660DA}.Development|Any CPU.Build.0 = Debug|Any CPU
		{4700BF64-B0A9-4CA6-927F-8A9890E660DA}.Development|Any CPU.Deploy.0 = Debug|Any CPU
		{4700BF64-B0A9-4CA6-927F-8A9890E660DA}.Release|Any CPU.ActiveCfg = Release|Any CPU
		{4700BF64-B0A9-4CA6-927F-8A9890E660DA}.Release|Any CPU.Build.0 = Release|Any CPU
		{4700BF64-B0A9-4CA6-927F-8A9890E660DA}.Release|Any CPU.Deploy.0 = Release|Any CPU
		{F267A96D-0ECE-4457-B0DA-417A88606520}.Debug|Any CPU.ActiveCfg = Development
		{F267A96D-0ECE-4457-B0DA-417A88606520}.Debug|Any CPU.Build.0 = Development
		{F267A96D-0ECE-4457-B0DA-417A88606520}.Development|Any CPU.ActiveCfg = Development
		{F267A96D-0ECE-4457-B0DA-417A88606520}.Development|Any CPU.Build.0 = Development
		{F267A96D-0ECE-4457-B0DA-417A88606520}.Release|Any CPU.ActiveCfg = Development
		{F267A96D-0ECE-4457-B0DA-417A88606520}.Release|Any CPU.Build.0 = Development
	EndGlobalSection
	GlobalSection(SolutionProperties) = preSolution
		HideSolutionNode = FALSE
	EndGlobalSection
	GlobalSection(ExtensibilityGlobals) = postSolution
		SolutionGuid = {4CD5BA2A-10C1-4B4C-883B-81BA40B413ED}
	EndGlobalSection
EndGlobal
